github.com/willfaught/paige v0.3.0 h1:1J+vdpJjB+AEVNMliYC+NqilCvS6+0zURX1aVhoKl8I=
github.com/willfaught/paige v0.3.0/go.mod h1:0Nt8ifl7UVYQIBaMtpZmg+BrQHHzFNqKcrBoA2Oo4/E=
github.com/willfaught/paige v0.4.0 h1:q7+7WlrCO3iVWOz+lr6XXgD2xNzMK2jsWF1n1MdvaxU=
github.com/willfaught/paige v0.4.0/go.mod h1:0Nt8ifl7UVYQIBaMtpZmg+BrQHHzFNqKcrBoA2Oo4/E=
github.com/willfaught/paige v0.7.0 h1:2xMekjHI7T5JTeQn9jPkPBm7nbgSEDmb7KvHFt/i/hw=
github.com/willfaught/paige v0.7.0/go.mod h1:0Nt8ifl7UVYQIBaMtpZmg+BrQHHzFNqKcrBoA2Oo4/E=
github.com/willfaught/paige v0.8.0 h1:GVupIgO9JyB155d8YTctclodNvnngPHRlG/kkpbVzrI=
github.com/willfaught/paige v0.8.0/go.mod h1:0Nt8ifl7UVYQIBaMtpZmg+BrQHHzFNqKcrBoA2Oo4/E=
github.com/willfaught/paige v0.10.0 h1:4tt0pdnjvqIcMqqGJc8jneHz2qWPIICOcuRXReM6qVc=
github.com/willfaught/paige v0.10.0/go.mod h1:0Nt8ifl7UVYQIBaMtpZmg+BrQHHzFNqKcrBoA2Oo4/E=
github.com/willfaught/paige v0.11.0 h1:PZDTB6YYI1Vt/1eNyUqHzkww7uPQU0KaedvbYAg8I4s=
github.com/willfaught/paige v0.11.0/go.mod h1:0Nt8ifl7UVYQIBaMtpZmg+BrQHHzFNqKcrBoA2Oo4/E=
github.com/willfaught/paige v0.12.0 h1:fSJDPgO+oFMb9vovXGIcaBuITMhkTOZrWdbgWKCI9J8=
github.com/willfaught/paige v0.12.0/go.mod h1:0Nt8ifl7UVYQIBaMtpZmg+BrQHHzFNqKcrBoA2Oo4/E=
