github.com/willfaught/paige v0.3.0 h1:1J+vdpJjB+AEVNMliYC+NqilCvS6+0zURX1aVhoKl8I=
github.com/willfaught/paige v0.3.0/go.mod h1:0Nt8ifl7UVYQIBaMtpZmg+BrQHHzFNqKcrBoA2Oo4/E=
github.com/willfaught/paige v0.4.0 h1:q7+7WlrCO3iVWOz+lr6XXgD2xNzMK2jsWF1n1MdvaxU=
github.com/willfaught/paige v0.4.0/go.mod h1:0Nt8ifl7UVYQIBaMtpZmg+BrQHHzFNqKcrBoA2Oo4/E=
