github.com/willfaught/paige v0.3.0 h1:1J+vdpJjB+AEVNMliYC+NqilCvS6+0zURX1aVhoKl8I=
github.com/willfaught/paige v0.3.0/go.mod h1:0Nt8ifl7UVYQIBaMtpZmg+BrQHHzFNqKcrBoA2Oo4/E=
github.com/willfaught/paige v0.4.0 h1:q7+7WlrCO3iVWOz+lr6XXgD2xNzMK2jsWF1n1MdvaxU=
github.com/willfaught/paige v0.4.0/go.mod h1:0Nt8ifl7UVYQIBaMtpZmg+BrQHHzFNqKcrBoA2Oo4/E=
github.com/willfaught/paige v0.7.0 h1:2xMekjHI7T5JTeQn9jPkPBm7nbgSEDmb7KvHFt/i/hw=
github.com/willfaught/paige v0.7.0/go.mod h1:0Nt8ifl7UVYQIBaMtpZmg+BrQHHzFNqKcrBoA2Oo4/E=
github.com/willfaught/paige v0.8.0 h1:GVupIgO9JyB155d8YTctclodNvnngPHRlG/kkpbVzrI=
github.com/willfaught/paige v0.8.0/go.mod h1:0Nt8ifl7UVYQIBaMtpZmg+BrQHHzFNqKcrBoA2Oo4/E=
github.com/willfaught/paige v0.10.0 h1:4tt0pdnjvqIcMqqGJc8jneHz2qWPIICOcuRXReM6qVc=
github.com/willfaught/paige v0.10.0/go.mod h1:0Nt8ifl7UVYQIBaMtpZmg+BrQHHzFNqKcrBoA2Oo4/E=
github.com/willfaught/paige v0.11.0 h1:PZDTB6YYI1Vt/1eNyUqHzkww7uPQU0KaedvbYAg8I4s=
github.com/willfaught/paige v0.11.0/go.mod h1:0Nt8ifl7UVYQIBaMtpZmg+BrQHHzFNqKcrBoA2Oo4/E=
github.com/willfaught/paige v0.12.0 h1:fSJDPgO+oFMb9vovXGIcaBuITMhkTOZrWdbgWKCI9J8=
github.com/willfaught/paige v0.12.0/go.mod h1:0Nt8ifl7UVYQIBaMtpZmg+BrQHHzFNqKcrBoA2Oo4/E=
github.com/willfaught/paige v0.13.0 h1:UmJzUp5448YPms/U8a0rZOTNWLX7tm4j6JlNrV8mOO4=
github.com/willfaught/paige v0.13.0/go.mod h1:0Nt8ifl7UVYQIBaMtpZmg+BrQHHzFNqKcrBoA2Oo4/E=
github.com/willfaught/paige v0.14.0 h1:DYPi0T1uSEV8jLFFGWEdcuR6Pp929hggg9NfZZVcgUU=
github.com/willfaught/paige v0.14.0/go.mod h1:0Nt8ifl7UVYQIBaMtpZmg+BrQHHzFNqKcrBoA2Oo4/E=
github.com/willfaught/paige v0.15.0 h1:G6lhbPtyyTuXsQ0dMmsNFwkDfVKlGId9Lup+afBz1yc=
github.com/willfaught/paige v0.15.0/go.mod h1:0Nt8ifl7UVYQIBaMtpZmg+BrQHHzFNqKcrBoA2Oo4/E=
github.com/willfaught/paige v0.16.0 h1:tA6Th0zTtDb6nyBSlQNIzoBpaJpMmlEVNIShD23Tu8M=
github.com/willfaught/paige v0.16.0/go.mod h1:0Nt8ifl7UVYQIBaMtpZmg+BrQHHzFNqKcrBoA2Oo4/E=
github.com/willfaught/paige v0.17.0 h1:1+zT+q00AfccSqZVgLE+wVfz7AcXp2Mb3fuq4Pp8TXA=
github.com/willfaught/paige v0.17.0/go.mod h1:0Nt8ifl7UVYQIBaMtpZmg+BrQHHzFNqKcrBoA2Oo4/E=
github.com/willfaught/paige v0.18.0 h1:HInGJ0Qmn/59SCW2MklKqjlkmpCH3H+10YvkuW62nCE=
github.com/willfaught/paige v0.18.0/go.mod h1:0Nt8ifl7UVYQIBaMtpZmg+BrQHHzFNqKcrBoA2Oo4/E=
github.com/willfaught/paige v0.19.0 h1:XIHeQoGKBVUsxpYBaGF8gux4/Rl0KnILCB+V9C2viRY=
github.com/willfaught/paige v0.19.0/go.mod h1:0Nt8ifl7UVYQIBaMtpZmg+BrQHHzFNqKcrBoA2Oo4/E=
github.com/willfaught/paige v0.20.0 h1:+wtCmHxjUv+RN0s5GhW4mkvwJbdbLXQ14v6/QfuBKTg=
github.com/willfaught/paige v0.20.0/go.mod h1:0Nt8ifl7UVYQIBaMtpZmg+BrQHHzFNqKcrBoA2Oo4/E=
github.com/willfaught/paige v0.21.0 h1:PPsT8qQVifh7X8ka3GEips6BLVGIRS4QwxRaFb8Nwjs=
github.com/willfaught/paige v0.21.0/go.mod h1:0Nt8ifl7UVYQIBaMtpZmg+BrQHHzFNqKcrBoA2Oo4/E=
github.com/willfaught/paige v0.23.0 h1:9YqauTYLV5JFDgFJf97H/HthlAx2QvCg85JbjasT4QQ=
github.com/willfaught/paige v0.23.0/go.mod h1:0Nt8ifl7UVYQIBaMtpZmg+BrQHHzFNqKcrBoA2Oo4/E=
github.com/willfaught/paige v0.23.1 h1:a1xcK/xXw4WAYal9ebE5Utbl4wABOq7SJS9WlGfWbmU=
github.com/willfaught/paige v0.23.1/go.mod h1:0Nt8ifl7UVYQIBaMtpZmg+BrQHHzFNqKcrBoA2Oo4/E=
github.com/willfaught/paige v0.23.2 h1:+vzPHNsaFd2nSoSZxQK/kg2eQD7Ip1sCUCFOX4VLWBQ=
github.com/willfaught/paige v0.23.2/go.mod h1:0Nt8ifl7UVYQIBaMtpZmg+BrQHHzFNqKcrBoA2Oo4/E=
github.com/willfaught/paige v0.23.3 h1:6jbBmuA4CLQIsAnPL9HltzX8C8+moWQWIQyud2ZL54I=
github.com/willfaught/paige v0.23.3/go.mod h1:0Nt8ifl7UVYQIBaMtpZmg+BrQHHzFNqKcrBoA2Oo4/E=
github.com/willfaught/paige v0.23.4 h1:e9DC8MpPCyaQw+lz9LIlRfmeiyctmFQwZUnVzED440g=
github.com/willfaught/paige v0.23.4/go.mod h1:0Nt8ifl7UVYQIBaMtpZmg+BrQHHzFNqKcrBoA2Oo4/E=
github.com/willfaught/paige v0.23.5 h1:YWJ+qKFlE+chvarPGAGIrqV1wNbhjx+N08mlw3uLmSo=
github.com/willfaught/paige v0.23.5/go.mod h1:0Nt8ifl7UVYQIBaMtpZmg+BrQHHzFNqKcrBoA2Oo4/E=
github.com/willfaught/paige v0.23.6 h1:QhhskodR5LrVUpg4/cEFOJBAgGfuVOWxJzmZMFpv7D4=
github.com/willfaught/paige v0.23.6/go.mod h1:0Nt8ifl7UVYQIBaMtpZmg+BrQHHzFNqKcrBoA2Oo4/E=
github.com/willfaught/paige v0.25.0 h1:cwz/wBTS64tklgPgsgXEGwH8QvYA4M2LuM0IIn3yDv4=
github.com/willfaught/paige v0.25.0/go.mod h1:0Nt8ifl7UVYQIBaMtpZmg+BrQHHzFNqKcrBoA2Oo4/E=
github.com/willfaught/paige v0.26.0 h1:7NZ0rIUiqVaoD+67nuWzUvBOruEkXzk+B57H0SxlbnU=
github.com/willfaught/paige v0.26.0/go.mod h1:0Nt8ifl7UVYQIBaMtpZmg+BrQHHzFNqKcrBoA2Oo4/E=
github.com/willfaught/paige v0.26.3 h1:LxFzOJhk8QUqr54IVZCwkFxes24IiC0wH/egyEPjSEI=
github.com/willfaught/paige v0.26.3/go.mod h1:0Nt8ifl7UVYQIBaMtpZmg+BrQHHzFNqKcrBoA2Oo4/E=
github.com/willfaught/paige v0.46.1 h1:mXGJUvf7nJ+aHyW6kWa3sPDG6h7VfbBom/16KM3BaqI=
github.com/willfaught/paige v0.46.1/go.mod h1:0Nt8ifl7UVYQIBaMtpZmg+BrQHHzFNqKcrBoA2Oo4/E=
github.com/willfaught/paige v0.47.0 h1:eLMJtrRQjkmlLQMT/fdYoIEgJPdxgbG55W5CXXoBcL0=
github.com/willfaught/paige v0.47.0/go.mod h1:0Nt8ifl7UVYQIBaMtpZmg+BrQHHzFNqKcrBoA2Oo4/E=
github.com/willfaught/paige v0.50.0 h1:GGXUIr0NDGDvyu1ISwRArLFRpWf3XaR2epezKcFgPeE=
github.com/willfaught/paige v0.50.0/go.mod h1:0Nt8ifl7UVYQIBaMtpZmg+BrQHHzFNqKcrBoA2Oo4/E=
github.com/willfaught/paige v0.50.1 h1:ne1izsP2+0BWDnDD0jbqyPAoQm3hOETMOLs1fO5Q4TE=
github.com/willfaught/paige v0.50.1/go.mod h1:0Nt8ifl7UVYQIBaMtpZmg+BrQHHzFNqKcrBoA2Oo4/E=
github.com/willfaught/paige v0.52.0 h1:+XU82ZZYDOC9PFkBj6UgrSxmEv5Cjp6nqEown8ygn/8=
github.com/willfaught/paige v0.52.0/go.mod h1:0Nt8ifl7UVYQIBaMtpZmg+BrQHHzFNqKcrBoA2Oo4/E=
github.com/willfaught/paige v0.54.4 h1:8M9JpdupWuiHUp5ihStRzkSuR4EJi7venZwia2vjYys=
github.com/willfaught/paige v0.54.4/go.mod h1:0Nt8ifl7UVYQIBaMtpZmg+BrQHHzFNqKcrBoA2Oo4/E=
github.com/willfaught/paige v0.59.0 h1:/RIQnBt/QQZQ4I8/JYuisB8lw5si7nsqoCPUN762DkY=
github.com/willfaught/paige v0.59.0/go.mod h1:0Nt8ifl7UVYQIBaMtpZmg+BrQHHzFNqKcrBoA2Oo4/E=
github.com/willfaught/paige v0.60.1 h1:b4TQlujlCCTp3UihisORfLlQZQumNkeRyJjj4Y7qvyY=
github.com/willfaught/paige v0.60.1/go.mod h1:0Nt8ifl7UVYQIBaMtpZmg+BrQHHzFNqKcrBoA2Oo4/E=
github.com/willfaught/paige v0.61.1 h1:eh5NJcc1a4FdnlP5hqCpLY50YBZ0cQESy6tbZSbG14A=
github.com/willfaught/paige v0.61.1/go.mod h1:0Nt8ifl7UVYQIBaMtpZmg+BrQHHzFNqKcrBoA2Oo4/E=
github.com/willfaught/paige v0.64.0 h1:QlpMkW5Ogv5bPTXhDb3K2oIHqRr9TzqIqxrPpN+h+N4=
github.com/willfaught/paige v0.64.0/go.mod h1:0Nt8ifl7UVYQIBaMtpZmg+BrQHHzFNqKcrBoA2Oo4/E=
github.com/willfaught/paige v0.65.0 h1:1b7td3bCkmCvZWCTwSXhFY74WMpYExtL+sRxPjJCi9U=
github.com/willfaught/paige v0.65.0/go.mod h1:0Nt8ifl7UVYQIBaMtpZmg+BrQHHzFNqKcrBoA2Oo4/E=
github.com/willfaught/paige v0.65.5 h1:jdcV0Qf7WenA4/7cgKqq65w5q54KHvoL3d1qQRJgjQk=
github.com/willfaught/paige v0.65.5/go.mod h1:0Nt8ifl7UVYQIBaMtpZmg+BrQHHzFNqKcrBoA2Oo4/E=
github.com/willfaught/paige v0.67.0 h1:4AqDi9WWMbZa9r0h3jR4Gx6uP1ej4ZEeJWzyh+ZeHsU=
github.com/willfaught/paige v0.67.0/go.mod h1:0Nt8ifl7UVYQIBaMtpZmg+BrQHHzFNqKcrBoA2Oo4/E=
github.com/willfaught/paige v0.68.0 h1:pvx5GOiNFycHnzou1tzQenPqkY0o9p35zsNxq1rwTHU=
github.com/willfaught/paige v0.68.0/go.mod h1:0Nt8ifl7UVYQIBaMtpZmg+BrQHHzFNqKcrBoA2Oo4/E=
github.com/willfaught/paige v0.69.0 h1:YfqwUw5wFS6MarY7Ji2wyI8rr9Mi/Vj31lOojHxRZE0=
github.com/willfaught/paige v0.69.0/go.mod h1:0Nt8ifl7UVYQIBaMtpZmg+BrQHHzFNqKcrBoA2Oo4/E=
github.com/willfaught/paige v0.69.1 h1:Tfw4wk6LKD6ssYSW2no5JYwJ2udlA8wBT0VPC1iRbGE=
github.com/willfaught/paige v0.69.1/go.mod h1:0Nt8ifl7UVYQIBaMtpZmg+BrQHHzFNqKcrBoA2Oo4/E=
github.com/willfaught/paige v0.69.2 h1:fudeJJmhoJT7cgnP6VbVklSaWf1C1emVJvlVvL5r06c=
github.com/willfaught/paige v0.69.2/go.mod h1:0Nt8ifl7UVYQIBaMtpZmg+BrQHHzFNqKcrBoA2Oo4/E=
github.com/willfaught/paige v0.70.0 h1:M+IsCrTVNoBATksTtemyTheENo0I5lg07am53wF4rLQ=
github.com/willfaught/paige v0.70.0/go.mod h1:0Nt8ifl7UVYQIBaMtpZmg+BrQHHzFNqKcrBoA2Oo4/E=
github.com/willfaught/paige v0.70.1 h1:fxvhq7Jazb7rD0XOPVPd+rJ+B1bD4T9DO1zra9LpLcQ=
github.com/willfaught/paige v0.70.1/go.mod h1:0Nt8ifl7UVYQIBaMtpZmg+BrQHHzFNqKcrBoA2Oo4/E=
github.com/willfaught/paige v0.70.2 h1:NrVRxOzb5+5QJVX/7CEs6BTKLwVCfjlz+MxQpg+U0ws=
github.com/willfaught/paige v0.70.2/go.mod h1:0Nt8ifl7UVYQIBaMtpZmg+BrQHHzFNqKcrBoA2Oo4/E=
github.com/willfaught/paige v0.71.0 h1:Jh/k0cz7b9XjRt3dAcuMoV1RnyyCjYETHUH3AQDHKUY=
github.com/willfaught/paige v0.71.0/go.mod h1:0Nt8ifl7UVYQIBaMtpZmg+BrQHHzFNqKcrBoA2Oo4/E=
github.com/willfaught/paige v0.71.1 h1:x1g0LhpFmawPnats+R7sZyRUIDqX8Zzn7+ZUT2jtgdk=
github.com/willfaught/paige v0.71.1/go.mod h1:0Nt8ifl7UVYQIBaMtpZmg+BrQHHzFNqKcrBoA2Oo4/E=
github.com/willfaught/paige v0.79.0 h1:RDfFjQYoIl0WTWmO+quQPq88vWH08Vq9/ctH9XYEt6g=
github.com/willfaught/paige v0.79.0/go.mod h1:0Nt8ifl7UVYQIBaMtpZmg+BrQHHzFNqKcrBoA2Oo4/E=
